# Generated by pub
# See https://dart.dev/tools/pub/glossary#lockfile
packages:
  accordion:
    dependency: "direct main"
    description:
      name: accordion
      sha256: "0eca3d1c619c6df63d6e384010fd2ef1164e7385d7102f88a6b56f658f160cd0"
      url: "https://pub.dev"
    source: hosted
    version: "2.6.0"
  animated_hint_textfield:
    dependency: "direct main"
    description:
      name: animated_hint_textfield
      sha256: "95893b104ccf5e1921d94085b077aaf44ed1ecff557057cc9aa9226b4956ef28"
      url: "https://pub.dev"
    source: hosted
    version: "1.0.1"
  animated_text_kit:
    dependency: transitive
    description:
      name: animated_text_kit
      sha256: "37392a5376c9a1a503b02463c38bc0342ef814ddbb8f9977bc90f2a84b22fa92"
      url: "https://pub.dev"
    source: hosted
    version: "4.2.2"
  async:
    dependency: transitive
    description:
      name: async
      sha256: "947bfcf187f74dbc5e146c9eb9c0f10c9f8b30743e341481c1e2ed3ecc18c20c"
      url: "https://pub.dev"
    source: hosted
    version: "2.11.0"
  badges:
    dependency: "direct main"
    description:
      name: badges
      sha256: a7b6bbd60dce418df0db3058b53f9d083c22cdb5132a052145dc267494df0b84
      url: "https://pub.dev"
    source: hosted
    version: "3.1.2"
  boolean_selector:
    dependency: transitive
    description:
      name: boolean_selector
      sha256: "6cfb5af12253eaf2b368f07bacc5a80d1301a071c73360d746b7f2e32d762c66"
      url: "https://pub.dev"
    source: hosted
    version: "2.1.1"
  card_actions:
    dependency: "direct main"
    description:
      name: card_actions
      sha256: "9b6d723a34d1d78384fbe4bd743fb8492a0e585a83e363f6ee45ee82fb38fbba"
      url: "https://pub.dev"
    source: hosted
    version: "0.0.1"
  characters:
    dependency: transitive
    description:
      name: characters
      sha256: "04a925763edad70e8443c99234dc3328f442e811f1d8fd1a72f1c8ad0f69a605"
      url: "https://pub.dev"
    source: hosted
    version: "1.3.0"
  checklist_rating:
    dependency: "direct main"
    description:
      name: checklist_rating
      sha256: "0e20db24042caefb7da83006f23d115e47204bf16d5c00676c8aa3c0e950f209"
      url: "https://pub.dev"
    source: hosted
    version: "0.0.7"
  clock:
    dependency: transitive
    description:
      name: clock
      sha256: cb6d7f03e1de671e34607e909a7213e31d7752be4fb66a86d29fe1eb14bfb5cf
      url: "https://pub.dev"
    source: hosted
    version: "1.1.1"
  collection:
    dependency: transitive
    description:
      name: collection
      sha256: ee67cb0715911d28db6bf4af1026078bd6f0128b07a5f66fb2ed94ec6783c09a
      url: "https://pub.dev"
    source: hosted
    version: "1.18.0"
  country_calling_code_picker:
    dependency: "direct main"
    description:
      name: country_calling_code_picker
      sha256: b9afd68e79f38953c463e8ea104533c1b9fc7b37e0948b501f9a7ad6a9a830a5
      url: "https://pub.dev"
    source: hosted
    version: "2.0.1"
  country_code_picker:
    dependency: "direct main"
    description:
      name: country_code_picker
      sha256: "92818885f0e47486539f80463b66f649970506a91dd3c0731ca3ba5308324a4d"
      url: "https://pub.dev"
    source: hosted
    version: "3.0.0"
  country_picker:
    dependency: "direct main"
    description:
      name: country_picker
      sha256: e440350c2f6397955499d5a647cc90599ba3048651c6858370483f55c346b525
      url: "https://pub.dev"
    source: hosted
    version: "2.0.21"
  cron:
    dependency: "direct main"
    description:
      name: cron
      sha256: d98aa8cdad0cccdb6b098e6a1fb89339c180d8a229145fa4cd8c6fc538f0e35f
      url: "https://pub.dev"
    source: hosted
    version: "0.5.1"
  crypto:
    dependency: transitive
    description:
      name: crypto
      sha256: ff625774173754681d66daaf4a448684fb04b78f902da9cb3d308c19cc5e8bab
      url: "https://pub.dev"
    source: hosted
    version: "3.0.3"
  cupertino_icons:
    dependency: "direct main"
    description:
      name: cupertino_icons
      sha256: d57953e10f9f8327ce64a508a355f0b1ec902193f66288e8cb5070e7c47eeb2d
      url: "https://pub.dev"
    source: hosted
    version: "1.0.6"
  dots_indicator:
    dependency: "direct main"
    description:
      name: dots_indicator
      sha256: "58b6a365744aa62aa1b70c4ea29e5106fbe064f5edaf7e9652e9b856edbfd9bb"
      url: "https://pub.dev"
    source: hosted
    version: "3.0.0"
  dropdown_button2:
    dependency: "direct main"
    description:
      name: dropdown_button2
      sha256: b0fe8d49a030315e9eef6c7ac84ca964250155a6224d491c1365061bc974a9e1
      url: "https://pub.dev"
    source: hosted
    version: "2.3.9"
  dropdown_model_list:
    dependency: "direct main"
    description:
      name: dropdown_model_list
      sha256: "1a08790f1ead4bb26e0863a32943a619f60068ba2bf89709e43f44b6c5d95b11"
      url: "https://pub.dev"
    source: hosted
    version: "1.1.5"
  dropdown_plus:
    dependency: "direct main"
    description:
      name: dropdown_plus
      sha256: "707c364066dcfcd2f5b672116d5adee8e3454ede3ff6fc34f5b351bfbbfbecbe"
      url: "https://pub.dev"
    source: hosted
    version: "0.0.9"
  dropdown_textfield:
    dependency: "direct main"
    description:
      name: dropdown_textfield
      sha256: "6e306d29d4bf8f88e2f9a4336d5e8dcc551d797fa8f541bb52a72817cc275cc4"
      url: "https://pub.dev"
    source: hosted
    version: "1.0.8"
  equatable:
    dependency: transitive
    description:
      name: equatable
      sha256: c2b87cb7756efdf69892005af546c56c0b5037f54d2a88269b4f347a505e3ca2
      url: "https://pub.dev"
    source: hosted
    version: "2.0.5"
  expansion_tile_card:
    dependency: "direct main"
    description:
      name: expansion_tile_card
      sha256: "27ce4cb518f00e21d0f2309aaa6462b26b148e93cee2029a73088cecf42b1eb0"
      url: "https://pub.dev"
    source: hosted
    version: "3.0.0"
  fake_async:
    dependency: transitive
    description:
      name: fake_async
      sha256: "511392330127add0b769b75a987850d136345d9227c6b94c96a04cf4a391bf78"
      url: "https://pub.dev"
    source: hosted
    version: "1.3.1"
  fan_floating_menu:
    dependency: "direct main"
    description:
      name: fan_floating_menu
      sha256: "5681691bf31961342de877de310b670ac503db7a565fd98b0ca1ab767083b8d3"
      url: "https://pub.dev"
    source: hosted
    version: "0.0.1"
  ffi:
    dependency: transitive
    description:
      name: ffi
      sha256: "7bf0adc28a23d395f19f3f1eb21dd7cfd1dd9f8e1c50051c069122e6853bc878"
      url: "https://pub.dev"
    source: hosted
    version: "2.1.0"
  file:
    dependency: transitive
    description:
      name: file
      sha256: "5fc22d7c25582e38ad9a8515372cd9a93834027aacf1801cf01164dac0ffa08c"
      url: "https://pub.dev"
    source: hosted
    version: "7.0.0"
  file_picker:
    dependency: "direct main"
    description:
      name: file_picker
      sha256: "903dd4ba13eae7cef64acc480e91bf54c3ddd23b5b90b639c170f3911e489620"
      url: "https://pub.dev"
    source: hosted
    version: "6.0.0"
  filter_list:
    dependency: "direct main"
    description:
      name: filter_list
      sha256: "2d80d6d19beb7847c1176e8bf6fe06d302b23eb7d1bf48c231dd730409ff9b4d"
      url: "https://pub.dev"
    source: hosted
    version: "1.0.2"
  floating_action_bubble_custom:
    dependency: "direct main"
    description:
      name: floating_action_bubble_custom
      sha256: ebd9450380250ad7bb1ea3fc68fb040b3648ca9c5e29c20d0ea878c1e081e0d0
      url: "https://pub.dev"
    source: hosted
    version: "1.0.0+2"
  flutter:
    dependency: "direct main"
    description: flutter
    source: sdk
    version: "0.0.0"
  flutter_colorpicker:
    dependency: "direct main"
    description:
      name: flutter_colorpicker
      sha256: "458a6ed8ea480eb16ff892aedb4b7092b2804affd7e046591fb03127e8d8ef8b"
      url: "https://pub.dev"
    source: hosted
    version: "1.0.3"
  flutter_expandable_fab:
    dependency: "direct main"
    description:
      name: flutter_expandable_fab
      sha256: "2aa5735bebcdbc49f43bcb32a29f9f03a9b7029212b8cd9837ae332ab2edf647"
      url: "https://pub.dev"
    source: hosted
    version: "2.0.0"
  flutter_lints:
    dependency: "direct dev"
    description:
      name: flutter_lints
      sha256: a25a15ebbdfc33ab1cd26c63a6ee519df92338a9c10f122adda92938253bef04
      url: "https://pub.dev"
    source: hosted
    version: "2.0.3"
  flutter_multi_select_items:
    dependency: "direct main"
    description:
      name: flutter_multi_select_items
      sha256: d30af6dbf64c38c296110a9512eef91b196a185cca056cd1eb32614e5fa91d1c
      url: "https://pub.dev"
    source: hosted
    version: "0.4.2"
  flutter_otp_text_field:
    dependency: "direct main"
    description:
      name: flutter_otp_text_field
      sha256: c9164ba391071fb9783698256ddbb9efc960cfed056d843db164711c65b1b114
      url: "https://pub.dev"
    source: hosted
    version: "1.1.1"
  flutter_plugin_android_lifecycle:
    dependency: transitive
    description:
      name: flutter_plugin_android_lifecycle
      sha256: b068ffc46f82a55844acfa4fdbb61fad72fa2aef0905548419d97f0f95c456da
      url: "https://pub.dev"
    source: hosted
    version: "2.0.17"
  flutter_session_manager:
    dependency: "direct main"
    description:
      name: flutter_session_manager
      sha256: "5483f1c245ee7a3bc294d93b4d73d6a068d5c0df292ccd4b48bf8b4460f0cd19"
      url: "https://pub.dev"
    source: hosted
    version: "1.0.3"
  flutter_sim_country_code:
    dependency: transitive
    description:
      name: flutter_sim_country_code
      sha256: fd6233ad01b811f5d2845c5b1c18120488417f2882a84df602daa65324e8371e
      url: "https://pub.dev"
    source: hosted
    version: "0.1.2"
  flutter_spinkit:
    dependency: "direct main"
    description:
      name: flutter_spinkit
      sha256: b39c753e909d4796906c5696a14daf33639a76e017136c8d82bf3e620ce5bb8e
      url: "https://pub.dev"
    source: hosted
    version: "5.2.0"
  flutter_test:
    dependency: "direct dev"
    description: flutter
    source: sdk
    version: "0.0.0"
  flutter_web_plugins:
    dependency: transitive
    description: flutter
    source: sdk
    version: "0.0.0"
  foldable_list:
    dependency: "direct main"
    description:
      name: foldable_list
      sha256: "9bfa06de221fd9b7857fe5ec3cf91de25206f19674c1a281e269955d0e53f42b"
      url: "https://pub.dev"
    source: hosted
    version: "1.0.1"
  get:
    dependency: "direct main"
    description:
      name: get
      sha256: e4e7335ede17452b391ed3b2ede016545706c01a02292a6c97619705e7d2a85e
      url: "https://pub.dev"
    source: hosted
    version: "4.6.6"
  go_router:
    dependency: "direct main"
    description:
      name: go_router
      sha256: "1bd28265168045adb2df3da178bdbd44d37dddca0e7cfc867f8665d4f6b31f0c"
      url: "https://pub.dev"
    source: hosted
    version: "11.1.3"
  google_fonts:
    dependency: "direct main"
    description:
      name: google_fonts
      sha256: f0b8d115a13ecf827013ec9fc883390ccc0e87a96ed5347a3114cac177ef18e8
      url: "https://pub.dev"
    source: hosted
    version: "6.1.0"
  google_nav_bar:
    dependency: "direct main"
    description:
      name: google_nav_bar
      sha256: "1c8e3882fa66ee7b74c24320668276ca23affbd58f0b14a24c1e5590f4d07ab0"
      url: "https://pub.dev"
    source: hosted
    version: "5.0.6"
  hawk_fab_menu:
    dependency: "direct main"
    description:
      name: hawk_fab_menu
      sha256: "279a9374b0750a67e6a8556525e6669c06a57827af14866c2ab1fac5351a2fb2"
      url: "https://pub.dev"
    source: hosted
    version: "1.2.0"
  http:
    dependency: "direct main"
    description:
      name: http
      sha256: "759d1a329847dd0f39226c688d3e06a6b8679668e350e2891a6474f8b4bb8525"
      url: "https://pub.dev"
    source: hosted
    version: "1.1.0"
  http_parser:
    dependency: "direct main"
    description:
      name: http_parser
      sha256: "2aa08ce0341cc9b354a498388e30986515406668dbcc4f7c950c3e715496693b"
      url: "https://pub.dev"
    source: hosted
    version: "4.0.2"
  ikchatbot:
    dependency: "direct main"
    description:
      name: ikchatbot
      sha256: "65f00b9f26e2cce4c973e5fe44b98983a3cdb83942a5b0b1dad5b2b42c3c12ad"
      url: "https://pub.dev"
    source: hosted
    version: "1.0.5"
  intl:
    dependency: "direct main"
    description:
      name: intl
      sha256: "3bc132a9dbce73a7e4a21a17d06e1878839ffbf975568bc875c60537824b0c4d"
      url: "https://pub.dev"
    source: hosted
    version: "0.18.1"
  line_icons:
    dependency: "direct main"
    description:
      name: line_icons
      sha256: "249d781d922f5437ac763d9c8f5a02cf5b499a6dc3f85e4b92e074cff0a932ab"
      url: "https://pub.dev"
    source: hosted
    version: "2.0.3"
  lints:
    dependency: transitive
    description:
      name: lints
      sha256: "0a217c6c989d21039f1498c3ed9f3ed71b354e69873f13a8dfc3c9fe76f1b452"
      url: "https://pub.dev"
    source: hosted
    version: "2.1.1"
  loading_animation_widget:
    dependency: "direct main"
    description:
      name: loading_animation_widget
      sha256: "1901682600273a966c34cf44a85fc5355da92a8d08a8a43c11adc4e471993e3a"
      url: "https://pub.dev"
    source: hosted
    version: "1.2.0+4"
  logging:
    dependency: transitive
    description:
      name: logging
      sha256: "623a88c9594aa774443aa3eb2d41807a48486b5613e67599fb4c41c0ad47c340"
      url: "https://pub.dev"
    source: hosted
    version: "1.2.0"
  mailer:
    dependency: transitive
    description:
      name: mailer
      sha256: "57f6dd1496699999a7bfd0aa6be0645384f477f4823e16d4321c40a434346382"
      url: "https://pub.dev"
    source: hosted
    version: "6.0.1"
  matcher:
    dependency: transitive
    description:
      name: matcher
      sha256: "1803e76e6653768d64ed8ff2e1e67bea3ad4b923eb5c56a295c3e634bad5960e"
      url: "https://pub.dev"
    source: hosted
    version: "0.12.16"
  material_color_utilities:
    dependency: transitive
    description:
      name: material_color_utilities
      sha256: "9528f2f296073ff54cb9fee677df673ace1218163c3bc7628093e7eed5203d41"
      url: "https://pub.dev"
    source: hosted
    version: "0.5.0"
  material_text_fields:
    dependency: "direct main"
    description:
      name: material_text_fields
      sha256: "4d481d170f8b65c0042e21cee6897464beac66c9ee9b87bff1e66283dc95fbb7"
      url: "https://pub.dev"
    source: hosted
    version: "1.0.3"
  meta:
    dependency: transitive
    description:
      name: meta
      sha256: a6e590c838b18133bb482a2745ad77c5bb7715fb0451209e1a7567d416678b8e
      url: "https://pub.dev"
    source: hosted
    version: "1.10.0"
  mime:
    dependency: "direct main"
    description:
      name: mime
      sha256: e4ff8e8564c03f255408decd16e7899da1733852a9110a58fe6d1b817684a63e
      url: "https://pub.dev"
    source: hosted
    version: "1.0.4"
  multi_select_flutter:
    dependency: "direct main"
    description:
      name: multi_select_flutter
      sha256: "503857b415d390d29159df8a9d92d83c6aac17aaf1c307fb7bcfc77d097d20ed"
      url: "https://pub.dev"
    source: hosted
    version: "4.1.3"
  nested:
    dependency: transitive
    description:
      name: nested
      sha256: "03bac4c528c64c95c722ec99280375a6f2fc708eec17c7b3f07253b626cd2a20"
      url: "https://pub.dev"
    source: hosted
    version: "1.0.0"
  nice_buttons:
    dependency: "direct main"
    description:
      name: nice_buttons
      sha256: "280bcd1e7aa236f7f9acb213e75a6f9375d12094cc4aed03abb25ef0845331ce"
      url: "https://pub.dev"
    source: hosted
    version: "0.0.3"
  path:
    dependency: transitive
    description:
      name: path
      sha256: "8829d8a55c13fc0e37127c29fedf290c102f4e40ae94ada574091fe0ff96c917"
      url: "https://pub.dev"
    source: hosted
    version: "1.8.3"
  path_provider:
    dependency: transitive
    description:
      name: path_provider
      sha256: a1aa8aaa2542a6bc57e381f132af822420216c80d4781f7aa085ca3229208aaa
      url: "https://pub.dev"
    source: hosted
    version: "2.1.1"
  path_provider_android:
    dependency: transitive
    description:
      name: path_provider_android
      sha256: "6b8b19bd80da4f11ce91b2d1fb931f3006911477cec227cce23d3253d80df3f1"
      url: "https://pub.dev"
    source: hosted
    version: "2.2.0"
  path_provider_foundation:
    dependency: transitive
    description:
      name: path_provider_foundation
      sha256: "19314d595120f82aca0ba62787d58dde2cc6b5df7d2f0daf72489e38d1b57f2d"
      url: "https://pub.dev"
    source: hosted
    version: "2.3.1"
  path_provider_linux:
    dependency: transitive
    description:
      name: path_provider_linux
      sha256: f7a1fe3a634fe7734c8d3f2766ad746ae2a2884abe22e241a8b301bf5cac3279
      url: "https://pub.dev"
    source: hosted
    version: "2.2.1"
  path_provider_platform_interface:
    dependency: transitive
    description:
      name: path_provider_platform_interface
      sha256: "94b1e0dd80970c1ce43d5d4e050a9918fce4f4a775e6142424c30a29a363265c"
      url: "https://pub.dev"
    source: hosted
    version: "2.1.1"
  path_provider_windows:
    dependency: transitive
    description:
      name: path_provider_windows
      sha256: "8bc9f22eee8690981c22aa7fc602f5c85b497a6fb2ceb35ee5a5e5ed85ad8170"
      url: "https://pub.dev"
    source: hosted
    version: "2.2.1"
  permission_handler:
    dependency: "direct main"
    description:
      name: permission_handler
      sha256: "284a66179cabdf942f838543e10413246f06424d960c92ba95c84439154fcac8"
      url: "https://pub.dev"
    source: hosted
    version: "11.0.1"
  permission_handler_android:
    dependency: transitive
    description:
      name: permission_handler_android
      sha256: f9fddd3b46109bd69ff3f9efa5006d2d309b7aec0f3c1c5637a60a2d5659e76e
      url: "https://pub.dev"
    source: hosted
    version: "11.1.0"
  permission_handler_apple:
    dependency: transitive
    description:
      name: permission_handler_apple
      sha256: "99e220bce3f8877c78e4ace901082fb29fa1b4ebde529ad0932d8d664b34f3f5"
      url: "https://pub.dev"
    source: hosted
    version: "9.1.4"
  permission_handler_platform_interface:
    dependency: transitive
    description:
      name: permission_handler_platform_interface
      sha256: "6760eb5ef34589224771010805bea6054ad28453906936f843a8cc4d3a55c4a4"
      url: "https://pub.dev"
    source: hosted
    version: "3.12.0"
  permission_handler_windows:
    dependency: transitive
    description:
      name: permission_handler_windows
      sha256: cc074aace208760f1eee6aa4fae766b45d947df85bc831cde77009cdb4720098
      url: "https://pub.dev"
    source: hosted
    version: "0.1.3"
  persistent_bottom_nav_bar:
    dependency: "direct main"
    description:
      name: persistent_bottom_nav_bar
      sha256: b8dc9cfc1ea36cef1a55c059c151d8ec8aaa28da4f0dcd224a3b3c0bed8bf130
      url: "https://pub.dev"
    source: hosted
    version: "4.0.2"
  platform:
    dependency: transitive
    description:
      name: platform
      sha256: "0a279f0707af40c890e80b1e9df8bb761694c074ba7e1d4ab1bc4b728e200b59"
      url: "https://pub.dev"
    source: hosted
    version: "3.1.3"
  plugin_platform_interface:
    dependency: transitive
    description:
      name: plugin_platform_interface
      sha256: da3fdfeccc4d4ff2da8f8c556704c08f912542c5fb3cf2233ed75372384a034d
      url: "https://pub.dev"
    source: hosted
    version: "2.1.6"
  provider:
    dependency: transitive
    description:
      name: provider
      sha256: cdbe7530b12ecd9eb455bdaa2fcb8d4dad22e80b8afb4798b41479d5ce26847f
      url: "https://pub.dev"
    source: hosted
    version: "6.0.5"
  radio_group_v2:
    dependency: "direct main"
    description:
      name: radio_group_v2
      sha256: a1f485201496fc16b39e6c4ca9e6632b4a6d085f42f18224d32a8c422588f318
      url: "https://pub.dev"
    source: hosted
    version: "2.1.3"
  rflutter_alert:
    dependency: "direct main"
    description:
      name: rflutter_alert
      sha256: "8ff35e3f9712ba24c746499cfa95bf320385edf38901a1a4eab0fe555867f66c"
      url: "https://pub.dev"
    source: hosted
    version: "2.0.7"
  salomon_bottom_bar:
    dependency: "direct main"
    description:
      name: salomon_bottom_bar
      sha256: e20abf2e449749432223a8b4e6647c212eef6c2b638e0ed8cc92eff9529c2b48
      url: "https://pub.dev"
    source: hosted
    version: "3.3.2"
  scroll_to_index:
    dependency: transitive
    description:
      name: scroll_to_index
      sha256: b707546e7500d9f070d63e5acf74fd437ec7eeeb68d3412ef7b0afada0b4f176
      url: "https://pub.dev"
    source: hosted
    version: "3.0.1"
  session_storage:
    dependency: "direct main"
    description:
      name: session_storage
      sha256: b5a56115729378c0a71ff7b036fd7c1437837124cc2be154758e9e0aac70ec6e
      url: "https://pub.dev"
    source: hosted
    version: "0.0.1"
  shared_preferences:
    dependency: "direct main"
    description:
      name: shared_preferences
      sha256: "81429e4481e1ccfb51ede496e916348668fd0921627779233bd24cc3ff6abd02"
      url: "https://pub.dev"
    source: hosted
    version: "2.2.2"
  shared_preferences_android:
    dependency: transitive
    description:
      name: shared_preferences_android
      sha256: "8568a389334b6e83415b6aae55378e158fbc2314e074983362d20c562780fb06"
      url: "https://pub.dev"
    source: hosted
    version: "2.2.1"
  shared_preferences_foundation:
    dependency: transitive
    description:
      name: shared_preferences_foundation
      sha256: "7bf53a9f2d007329ee6f3df7268fd498f8373602f943c975598bbb34649b62a7"
      url: "https://pub.dev"
    source: hosted
    version: "2.3.4"
  shared_preferences_linux:
    dependency: transitive
    description:
      name: shared_preferences_linux
      sha256: "9f2cbcf46d4270ea8be39fa156d86379077c8a5228d9dfdb1164ae0bb93f1faa"
      url: "https://pub.dev"
    source: hosted
    version: "2.3.2"
  shared_preferences_platform_interface:
    dependency: transitive
    description:
      name: shared_preferences_platform_interface
      sha256: d4ec5fc9ebb2f2e056c617112aa75dcf92fc2e4faaf2ae999caa297473f75d8a
      url: "https://pub.dev"
    source: hosted
    version: "2.3.1"
  shared_preferences_web:
    dependency: transitive
    description:
      name: shared_preferences_web
      sha256: d762709c2bbe80626ecc819143013cc820fa49ca5e363620ee20a8b15a3e3daf
      url: "https://pub.dev"
    source: hosted
    version: "2.2.1"
  shared_preferences_windows:
    dependency: transitive
    description:
      name: shared_preferences_windows
      sha256: "841ad54f3c8381c480d0c9b508b89a34036f512482c407e6df7a9c4aa2ef8f59"
      url: "https://pub.dev"
    source: hosted
    version: "2.3.2"
  sky_engine:
    dependency: transitive
    description: flutter
    source: sdk
    version: "0.0.99"
  slide_popup_dialog_null_safety:
    dependency: "direct main"
    description:
      name: slide_popup_dialog_null_safety
      sha256: "93361043b55ba6734dfe30396d54a1e08c7cefd675deb1ac3416680dc157dc1b"
      url: "https://pub.dev"
    source: hosted
    version: "1.0.0"
  sliding_clipped_nav_bar:
    dependency: "direct main"
    description:
      name: sliding_clipped_nav_bar
      sha256: "625622b4f3afc31c6026b57df01adec1bb44339d255f02d2e0879bd8450d1f55"
      url: "https://pub.dev"
    source: hosted
    version: "3.1.0+4"
  source_span:
    dependency: transitive
    description:
      name: source_span
      sha256: "53e943d4206a5e30df338fd4c6e7a077e02254531b138a15aec3bd143c1a8b3c"
      url: "https://pub.dev"
    source: hosted
    version: "1.10.0"
  stack_trace:
    dependency: transitive
    description:
      name: stack_trace
      sha256: "73713990125a6d93122541237550ee3352a2d84baad52d375a4cad2eb9b7ce0b"
      url: "https://pub.dev"
    source: hosted
    version: "1.11.1"
  stream_channel:
    dependency: transitive
    description:
      name: stream_channel
      sha256: ba2aa5d8cc609d96bbb2899c28934f9e1af5cddbd60a827822ea467161eb54e7
      url: "https://pub.dev"
    source: hosted
    version: "2.1.2"
  string_scanner:
    dependency: transitive
    description:
      name: string_scanner
      sha256: "556692adab6cfa87322a115640c11f13cb77b3f076ddcc5d6ae3c20242bedcde"
      url: "https://pub.dev"
    source: hosted
    version: "1.2.0"
  term_glyph:
    dependency: transitive
    description:
      name: term_glyph
      sha256: a29248a84fbb7c79282b40b8c72a1209db169a2e0542bce341da992fe1bc7e84
      url: "https://pub.dev"
    source: hosted
    version: "1.2.1"
  test_api:
    dependency: transitive
    description:
      name: test_api
      sha256: "5c2f730018264d276c20e4f1503fd1308dfbbae39ec8ee63c5236311ac06954b"
      url: "https://pub.dev"
    source: hosted
    version: "0.6.1"
  top_snackbar_flutter:
    dependency: "direct main"
    description:
      name: top_snackbar_flutter
      sha256: "22d14664a13db6ac714934c3382bd8d4daa57fb888a672f922df71981c5a5cb2"
      url: "https://pub.dev"
    source: hosted
    version: "3.1.0"
  transition:
    dependency: "direct main"
    description:
      name: transition
      sha256: "6765ff4c9d6058eaa703022a6490d7cb134a5109d888bb5eb01b3adf0d88eb6b"
      url: "https://pub.dev"
    source: hosted
    version: "2.0.2"
  typed_data:
    dependency: transitive
    description:
      name: typed_data
      sha256: facc8d6582f16042dd49f2463ff1bd6e2c9ef9f3d5da3d9b087e244a7b564b3c
      url: "https://pub.dev"
    source: hosted
    version: "1.3.2"
  universal_io:
    dependency: transitive
    description:
      name: universal_io
      sha256: "1722b2dcc462b4b2f3ee7d188dad008b6eb4c40bbd03a3de451d82c78bba9aad"
      url: "https://pub.dev"
    source: hosted
    version: "2.2.2"
  vector_math:
    dependency: transitive
    description:
      name: vector_math
      sha256: "80b3257d1492ce4d091729e3a67a60407d227c27241d6927be0130c98e741803"
      url: "https://pub.dev"
    source: hosted
    version: "2.1.4"
  web:
    dependency: transitive
    description:
      name: web
      sha256: afe077240a270dcfd2aafe77602b4113645af95d0ad31128cc02bce5ac5d5152
      url: "https://pub.dev"
    source: hosted
    version: "0.3.0"
  win32:
    dependency: transitive
    description:
      name: win32
      sha256: "350a11abd2d1d97e0cc7a28a81b781c08002aa2864d9e3f192ca0ffa18b06ed3"
      url: "https://pub.dev"
    source: hosted
    version: "5.0.9"
  xdg_directories:
    dependency: transitive
    description:
      name: xdg_directories
      sha256: "589ada45ba9e39405c198fe34eb0f607cddb2108527e658136120892beac46d2"
      url: "https://pub.dev"
    source: hosted
    version: "1.0.3"
sdks:
  dart: ">=3.2.0-194.0.dev <4.0.0"
  flutter: ">=3.13.0"
